
Microsoft Visual Studio Solution File, Format Version 12.00
# Visual Studio 15
VisualStudioVersion = 15.0.27130.2010
MinimumVisualStudioVersion = 10.0.40219.1
Project("{FAE04EC0-301F-11D3-BF4B-00C04F79EFBC}") = "XamlStandardPreview.Android", "XamlStandardPreview\XamlStandardPreview.Android\XamlStandardPreview.Android.csproj", "{67DFAB48-02C8-497D-9729-4A690BB7BC76}"
EndProject
Project("{FAE04EC0-301F-11D3-BF4B-00C04F79EFBC}") = "XamlStandardPreview.iOS", "XamlStandardPreview\XamlStandardPreview.iOS\XamlStandardPreview.iOS.csproj", "{8E63851C-677F-4B2B-A1BD-87C7C0ABE9FB}"
EndProject
Project("{FAE04EC0-301F-11D3-BF4B-00C04F79EFBC}") = "XamlStandardPreview.UWP", "XamlStandardPreview\XamlStandardPreview.UWP\XamlStandardPreview.UWP.csproj", "{6936314A-B2DA-4265-B766-233922309C42}"
EndProject
Project("{FAE04EC0-301F-11D3-BF4B-00C04F79EFBC}") = "XamlStandardPreview", "XamlStandardPreview\XamlStandardPreview\XamlStandardPreview.csproj", "{45A72EC9-544A-40F5-83F9-489AB78FB3EC}"
EndProject
Global
	GlobalSection(SolutionConfigurationPlatforms) = preSolution
		Ad-Hoc|Any CPU = Ad-Hoc|Any CPU
		Ad-Hoc|ARM = Ad-Hoc|ARM
		Ad-Hoc|iPhone = Ad-Hoc|iPhone
		Ad-Hoc|iPhoneSimulator = Ad-Hoc|iPhoneSimulator
		Ad-Hoc|x64 = Ad-Hoc|x64
		Ad-Hoc|x86 = Ad-Hoc|x86
		AppStore|Any CPU = AppStore|Any CPU
		AppStore|ARM = AppStore|ARM
		AppStore|iPhone = AppStore|iPhone
		AppStore|iPhoneSimulator = AppStore|iPhoneSimulator
		AppStore|x64 = AppStore|x64
		AppStore|x86 = AppStore|x86
		Debug|Any CPU = Debug|Any CPU
		Debug|ARM = Debug|ARM
		Debug|iPhone = Debug|iPhone
		Debug|iPhoneSimulator = Debug|iPhoneSimulator
		Debug|x64 = Debug|x64
		Debug|x86 = Debug|x86
		Release|Any CPU = Release|Any CPU
		Release|ARM = Release|ARM
		Release|iPhone = Release|iPhone
		Release|iPhoneSimulator = Release|iPhoneSimulator
		Release|x64 = Release|x64
		Release|x86 = Release|x86
	EndGlobalSection
	GlobalSection(ProjectConfigurationPlatforms) = postSolution
		{67DFAB48-02C8-497D-9729-4A690BB7BC76}.Ad-Hoc|Any CPU.ActiveCfg = Release|Any CPU
		{67DFAB48-02C8-497D-9729-4A690BB7BC76}.Ad-Hoc|Any CPU.Build.0 = Release|Any CPU
		{67DFAB48-02C8-497D-9729-4A690BB7BC76}.Ad-Hoc|Any CPU.Deploy.0 = Release|Any CPU
		{67DFAB48-02C8-497D-9729-4A690BB7BC76}.Ad-Hoc|ARM.ActiveCfg = Release|Any CPU
		{67DFAB48-02C8-497D-9729-4A690BB7BC76}.Ad-Hoc|ARM.Build.0 = Release|Any CPU
		{67DFAB48-02C8-497D-9729-4A690BB7BC76}.Ad-Hoc|ARM.Deploy.0 = Release|Any CPU
		{67DFAB48-02C8-497D-9729-4A690BB7BC76}.Ad-Hoc|iPhone.ActiveCfg = Release|Any CPU
		{67DFAB48-02C8-497D-9729-4A690BB7BC76}.Ad-Hoc|iPhone.Build.0 = Release|Any CPU
		{67DFAB48-02C8-497D-9729-4A690BB7BC76}.Ad-Hoc|iPhone.Deploy.0 = Release|Any CPU
		{67DFAB48-02C8-497D-9729-4A690BB7BC76}.Ad-Hoc|iPhoneSimulator.ActiveCfg = Release|Any CPU
		{67DFAB48-02C8-497D-9729-4A690BB7BC76}.Ad-Hoc|iPhoneSimulator.Build.0 = Release|Any CPU
		{67DFAB48-02C8-497D-9729-4A690BB7BC76}.Ad-Hoc|iPhoneSimulator.Deploy.0 = Release|Any CPU
		{67DFAB48-02C8-497D-9729-4A690BB7BC76}.Ad-Hoc|x64.ActiveCfg = Release|Any CPU
		{67DFAB48-02C8-497D-9729-4A690BB7BC76}.Ad-Hoc|x64.Build.0 = Release|Any CPU
		{67DFAB48-02C8-497D-9729-4A690BB7BC76}.Ad-Hoc|x64.Deploy.0 = Release|Any CPU
		{67DFAB48-02C8-497D-9729-4A690BB7BC76}.Ad-Hoc|x86.ActiveCfg = Release|Any CPU
		{67DFAB48-02C8-497D-9729-4A690BB7BC76}.Ad-Hoc|x86.Build.0 = Release|Any CPU
		{67DFAB48-02C8-497D-9729-4A690BB7BC76}.Ad-Hoc|x86.Deploy.0 = Release|Any CPU
		{67DFAB48-02C8-497D-9729-4A690BB7BC76}.AppStore|Any CPU.ActiveCfg = Release|Any CPU
		{67DFAB48-02C8-497D-9729-4A690BB7BC76}.AppStore|Any CPU.Build.0 = Release|Any CPU
		{67DFAB48-02C8-497D-9729-4A690BB7BC76}.AppStore|Any CPU.Deploy.0 = Release|Any CPU
		{67DFAB48-02C8-497D-9729-4A690BB7BC76}.AppStore|ARM.ActiveCfg = Release|Any CPU
		{67DFAB48-02C8-497D-9729-4A690BB7BC76}.AppStore|ARM.Build.0 = Release|Any CPU
		{67DFAB48-02C8-497D-9729-4A690BB7BC76}.AppStore|ARM.Deploy.0 = Release|Any CPU
		{67DFAB48-02C8-497D-9729-4A690BB7BC76}.AppStore|iPhone.ActiveCfg = Release|Any CPU
		{67DFAB48-02C8-497D-9729-4A690BB7BC76}.AppStore|iPhone.Build.0 = Release|Any CPU
		{67DFAB48-02C8-497D-9729-4A690BB7BC76}.AppStore|iPhone.Deploy.0 = Release|Any CPU
		{67DFAB48-02C8-497D-9729-4A690BB7BC76}.AppStore|iPhoneSimulator.ActiveCfg = Release|Any CPU
		{67DFAB48-02C8-497D-9729-4A690BB7BC76}.AppStore|iPhoneSimulator.Build.0 = Release|Any CPU
		{67DFAB48-02C8-497D-9729-4A690BB7BC76}.AppStore|iPhoneSimulator.Deploy.0 = Release|Any CPU
		{67DFAB48-02C8-497D-9729-4A690BB7BC76}.AppStore|x64.ActiveCfg = Release|Any CPU
		{67DFAB48-02C8-497D-9729-4A690BB7BC76}.AppStore|x64.Build.0 = Release|Any CPU
		{67DFAB48-02C8-497D-9729-4A690BB7BC76}.AppStore|x64.Deploy.0 = Release|Any CPU
		{67DFAB48-02C8-497D-9729-4A690BB7BC76}.AppStore|x86.ActiveCfg = Release|Any CPU
		{67DFAB48-02C8-497D-9729-4A690BB7BC76}.AppStore|x86.Build.0 = Release|Any CPU
		{67DFAB48-02C8-497D-9729-4A690BB7BC76}.AppStore|x86.Deploy.0 = Release|Any CPU
		{67DFAB48-02C8-497D-9729-4A690BB7BC76}.Debug|Any CPU.ActiveCfg = Debug|Any CPU
		{67DFAB48-02C8-497D-9729-4A690BB7BC76}.Debug|Any CPU.Build.0 = Debug|Any CPU
		{67DFAB48-02C8-497D-9729-4A690BB7BC76}.Debug|Any CPU.Deploy.0 = Debug|Any CPU
		{67DFAB48-02C8-497D-9729-4A690BB7BC76}.Debug|ARM.ActiveCfg = Debug|Any CPU
		{67DFAB48-02C8-497D-9729-4A690BB7BC76}.Debug|ARM.Build.0 = Debug|Any CPU
		{67DFAB48-02C8-497D-9729-4A690BB7BC76}.Debug|ARM.Deploy.0 = Debug|Any CPU
		{67DFAB48-02C8-497D-9729-4A690BB7BC76}.Debug|iPhone.ActiveCfg = Debug|Any CPU
		{67DFAB48-02C8-497D-9729-4A690BB7BC76}.Debug|iPhone.Build.0 = Debug|Any CPU
		{67DFAB48-02C8-497D-9729-4A690BB7BC76}.Debug|iPhone.Deploy.0 = Debug|Any CPU
		{67DFAB48-02C8-497D-9729-4A690BB7BC76}.Debug|iPhoneSimulator.ActiveCfg = Debug|Any CPU
		{67DFAB48-02C8-497D-9729-4A690BB7BC76}.Debug|iPhoneSimulator.Build.0 = Debug|Any CPU
		{67DFAB48-02C8-497D-9729-4A690BB7BC76}.Debug|iPhoneSimulator.Deploy.0 = Debug|Any CPU
		{67DFAB48-02C8-497D-9729-4A690BB7BC76}.Debug|x64.ActiveCfg = Debug|Any CPU
		{67DFAB48-02C8-497D-9729-4A690BB7BC76}.Debug|x64.Build.0 = Debug|Any CPU
		{67DFAB48-02C8-497D-9729-4A690BB7BC76}.Debug|x64.Deploy.0 = Debug|Any CPU
		{67DFAB48-02C8-497D-9729-4A690BB7BC76}.Debug|x86.ActiveCfg = Debug|Any CPU
		{67DFAB48-02C8-497D-9729-4A690BB7BC76}.Debug|x86.Build.0 = Debug|Any CPU
		{67DFAB48-02C8-497D-9729-4A690BB7BC76}.Debug|x86.Deploy.0 = Debug|Any CPU
		{67DFAB48-02C8-497D-9729-4A690BB7BC76}.Release|Any CPU.ActiveCfg = Release|Any CPU
		{67DFAB48-02C8-497D-9729-4A690BB7BC76}.Release|Any CPU.Build.0 = Release|Any CPU
		{67DFAB48-02C8-497D-9729-4A690BB7BC76}.Release|Any CPU.Deploy.0 = Release|Any CPU
		{67DFAB48-02C8-497D-9729-4A690BB7BC76}.Release|ARM.ActiveCfg = Release|Any CPU
		{67DFAB48-02C8-497D-9729-4A690BB7BC76}.Release|ARM.Build.0 = Release|Any CPU
		{67DFAB48-02C8-497D-9729-4A690BB7BC76}.Release|ARM.Deploy.0 = Release|Any CPU
		{67DFAB48-02C8-497D-9729-4A690BB7BC76}.Release|iPhone.ActiveCfg = Release|Any CPU
		{67DFAB48-02C8-497D-9729-4A690BB7BC76}.Release|iPhone.Build.0 = Release|Any CPU
		{67DFAB48-02C8-497D-9729-4A690BB7BC76}.Release|iPhone.Deploy.0 = Release|Any CPU
		{67DFAB48-02C8-497D-9729-4A690BB7BC76}.Release|iPhoneSimulator.ActiveCfg = Release|Any CPU
		{67DFAB48-02C8-497D-9729-4A690BB7BC76}.Release|iPhoneSimulator.Build.0 = Release|Any CPU
		{67DFAB48-02C8-497D-9729-4A690BB7BC76}.Release|iPhoneSimulator.Deploy.0 = Release|Any CPU
		{67DFAB48-02C8-497D-9729-4A690BB7BC76}.Release|x64.ActiveCfg = Release|Any CPU
		{67DFAB48-02C8-497D-9729-4A690BB7BC76}.Release|x64.Build.0 = Release|Any CPU
		{67DFAB48-02C8-497D-9729-4A690BB7BC76}.Release|x64.Deploy.0 = Release|Any CPU
		{67DFAB48-02C8-497D-9729-4A690BB7BC76}.Release|x86.ActiveCfg = Release|Any CPU
		{67DFAB48-02C8-497D-9729-4A690BB7BC76}.Release|x86.Build.0 = Release|Any CPU
		{67DFAB48-02C8-497D-9729-4A690BB7BC76}.Release|x86.Deploy.0 = Release|Any CPU
		{8E63851C-677F-4B2B-A1BD-87C7C0ABE9FB}.Ad-Hoc|Any CPU.ActiveCfg = Ad-Hoc|iPhone
		{8E63851C-677F-4B2B-A1BD-87C7C0ABE9FB}.Ad-Hoc|ARM.ActiveCfg = Ad-Hoc|iPhone
		{8E63851C-677F-4B2B-A1BD-87C7C0ABE9FB}.Ad-Hoc|iPhone.ActiveCfg = Ad-Hoc|iPhone
		{8E63851C-677F-4B2B-A1BD-87C7C0ABE9FB}.Ad-Hoc|iPhone.Build.0 = Ad-Hoc|iPhone
		{8E63851C-677F-4B2B-A1BD-87C7C0ABE9FB}.Ad-Hoc|iPhoneSimulator.ActiveCfg = Ad-Hoc|iPhoneSimulator
		{8E63851C-677F-4B2B-A1BD-87C7C0ABE9FB}.Ad-Hoc|iPhoneSimulator.Build.0 = Ad-Hoc|iPhoneSimulator
		{8E63851C-677F-4B2B-A1BD-87C7C0ABE9FB}.Ad-Hoc|x64.ActiveCfg = Ad-Hoc|iPhone
		{8E63851C-677F-4B2B-A1BD-87C7C0ABE9FB}.Ad-Hoc|x86.ActiveCfg = Ad-Hoc|iPhone
		{8E63851C-677F-4B2B-A1BD-87C7C0ABE9FB}.AppStore|Any CPU.ActiveCfg = AppStore|iPhone
		{8E63851C-677F-4B2B-A1BD-87C7C0ABE9FB}.AppStore|ARM.ActiveCfg = AppStore|iPhone
		{8E63851C-677F-4B2B-A1BD-87C7C0ABE9FB}.AppStore|iPhone.ActiveCfg = AppStore|iPhone
		{8E63851C-677F-4B2B-A1BD-87C7C0ABE9FB}.AppStore|iPhone.Build.0 = AppStore|iPhone
		{8E63851C-677F-4B2B-A1BD-87C7C0ABE9FB}.AppStore|iPhoneSimulator.ActiveCfg = AppStore|iPhoneSimulator
		{8E63851C-677F-4B2B-A1BD-87C7C0ABE9FB}.AppStore|iPhoneSimulator.Build.0 = AppStore|iPhoneSimulator
		{8E63851C-677F-4B2B-A1BD-87C7C0ABE9FB}.AppStore|x64.ActiveCfg = AppStore|iPhone
		{8E63851C-677F-4B2B-A1BD-87C7C0ABE9FB}.AppStore|x86.ActiveCfg = AppStore|iPhone
		{8E63851C-677F-4B2B-A1BD-87C7C0ABE9FB}.Debug|Any CPU.ActiveCfg = Debug|iPhone
		{8E63851C-677F-4B2B-A1BD-87C7C0ABE9FB}.Debug|ARM.ActiveCfg = Debug|iPhone
		{8E63851C-677F-4B2B-A1BD-87C7C0ABE9FB}.Debug|iPhone.ActiveCfg = Debug|iPhone
		{8E63851C-677F-4B2B-A1BD-87C7C0ABE9FB}.Debug|iPhone.Build.0 = Debug|iPhone
		{8E63851C-677F-4B2B-A1BD-87C7C0ABE9FB}.Debug|iPhoneSimulator.ActiveCfg = Debug|iPhoneSimulator
		{8E63851C-677F-4B2B-A1BD-87C7C0ABE9FB}.Debug|iPhoneSimulator.Build.0 = Debug|iPhoneSimulator
		{8E63851C-677F-4B2B-A1BD-87C7C0ABE9FB}.Debug|x64.ActiveCfg = Debug|iPhone
		{8E63851C-677F-4B2B-A1BD-87C7C0ABE9FB}.Debug|x86.ActiveCfg = Debug|iPhone
		{8E63851C-677F-4B2B-A1BD-87C7C0ABE9FB}.Release|Any CPU.ActiveCfg = Release|iPhone
		{8E63851C-677F-4B2B-A1BD-87C7C0ABE9FB}.Release|ARM.ActiveCfg = Release|iPhone
		{8E63851C-677F-4B2B-A1BD-87C7C0ABE9FB}.Release|iPhone.ActiveCfg = Release|iPhone
		{8E63851C-677F-4B2B-A1BD-87C7C0ABE9FB}.Release|iPhone.Build.0 = Release|iPhone
		{8E63851C-677F-4B2B-A1BD-87C7C0ABE9FB}.Release|iPhoneSimulator.ActiveCfg = Release|iPhoneSimulator
		{8E63851C-677F-4B2B-A1BD-87C7C0ABE9FB}.Release|iPhoneSimulator.Build.0 = Release|iPhoneSimulator
		{8E63851C-677F-4B2B-A1BD-87C7C0ABE9FB}.Release|x64.ActiveCfg = Release|iPhone
		{8E63851C-677F-4B2B-A1BD-87C7C0ABE9FB}.Release|x86.ActiveCfg = Release|iPhone
		{6936314A-B2DA-4265-B766-233922309C42}.Ad-Hoc|Any CPU.ActiveCfg = Release|x86
		{6936314A-B2DA-4265-B766-233922309C42}.Ad-Hoc|Any CPU.Build.0 = Release|x86
		{6936314A-B2DA-4265-B766-233922309C42}.Ad-Hoc|Any CPU.Deploy.0 = Release|x86
		{6936314A-B2DA-4265-B766-233922309C42}.Ad-Hoc|ARM.ActiveCfg = Release|ARM
		{6936314A-B2DA-4265-B766-233922309C42}.Ad-Hoc|ARM.Build.0 = Release|ARM
		{6936314A-B2DA-4265-B766-233922309C42}.Ad-Hoc|ARM.Deploy.0 = Release|ARM
		{6936314A-B2DA-4265-B766-233922309C42}.Ad-Hoc|iPhone.ActiveCfg = Release|x86
		{6936314A-B2DA-4265-B766-233922309C42}.Ad-Hoc|iPhone.Build.0 = Release|x86
		{6936314A-B2DA-4265-B766-233922309C42}.Ad-Hoc|iPhone.Deploy.0 = Release|x86
		{6936314A-B2DA-4265-B766-233922309C42}.Ad-Hoc|iPhoneSimulator.ActiveCfg = Release|x86
		{6936314A-B2DA-4265-B766-233922309C42}.Ad-Hoc|iPhoneSimulator.Build.0 = Release|x86
		{6936314A-B2DA-4265-B766-233922309C42}.Ad-Hoc|iPhoneSimulator.Deploy.0 = Release|x86
		{6936314A-B2DA-4265-B766-233922309C42}.Ad-Hoc|x64.ActiveCfg = Release|x64
		{6936314A-B2DA-4265-B766-233922309C42}.Ad-Hoc|x64.Build.0 = Release|x64
		{6936314A-B2DA-4265-B766-233922309C42}.Ad-Hoc|x64.Deploy.0 = Release|x64
		{6936314A-B2DA-4265-B766-233922309C42}.Ad-Hoc|x86.ActiveCfg = Release|x86
		{6936314A-B2DA-4265-B766-233922309C42}.Ad-Hoc|x86.Build.0 = Release|x86
		{6936314A-B2DA-4265-B766-233922309C42}.Ad-Hoc|x86.Deploy.0 = Release|x86
		{6936314A-B2DA-4265-B766-233922309C42}.AppStore|Any CPU.ActiveCfg = Release|x86
		{6936314A-B2DA-4265-B766-233922309C42}.AppStore|Any CPU.Build.0 = Release|x86
		{6936314A-B2DA-4265-B766-233922309C42}.AppStore|Any CPU.Deploy.0 = Release|x86
		{6936314A-B2DA-4265-B766-233922309C42}.AppStore|ARM.ActiveCfg = Release|ARM
		{6936314A-B2DA-4265-B766-233922309C42}.AppStore|ARM.Build.0 = Release|ARM
		{6936314A-B2DA-4265-B766-233922309C42}.AppStore|ARM.Deploy.0 = Release|ARM
		{6936314A-B2DA-4265-B766-233922309C42}.AppStore|iPhone.ActiveCfg = Release|x86
		{6936314A-B2DA-4265-B766-233922309C42}.AppStore|iPhone.Build.0 = Release|x86
		{6936314A-B2DA-4265-B766-233922309C42}.AppStore|iPhone.Deploy.0 = Release|x86
		{6936314A-B2DA-4265-B766-233922309C42}.AppStore|iPhoneSimulator.ActiveCfg = Release|x86
		{6936314A-B2DA-4265-B766-233922309C42}.AppStore|iPhoneSimulator.Build.0 = Release|x86
		{6936314A-B2DA-4265-B766-233922309C42}.AppStore|iPhoneSimulator.Deploy.0 = Release|x86
		{6936314A-B2DA-4265-B766-233922309C42}.AppStore|x64.ActiveCfg = Release|x64
		{6936314A-B2DA-4265-B766-233922309C42}.AppStore|x64.Build.0 = Release|x64
		{6936314A-B2DA-4265-B766-233922309C42}.AppStore|x64.Deploy.0 = Release|x64
		{6936314A-B2DA-4265-B766-233922309C42}.AppStore|x86.ActiveCfg = Release|x86
		{6936314A-B2DA-4265-B766-233922309C42}.AppStore|x86.Build.0 = Release|x86
		{6936314A-B2DA-4265-B766-233922309C42}.AppStore|x86.Deploy.0 = Release|x86
		{6936314A-B2DA-4265-B766-233922309C42}.Debug|Any CPU.ActiveCfg = Debug|x86
		{6936314A-B2DA-4265-B766-233922309C42}.Debug|ARM.ActiveCfg = Debug|ARM
		{6936314A-B2DA-4265-B766-233922309C42}.Debug|ARM.Build.0 = Debug|ARM
		{6936314A-B2DA-4265-B766-233922309C42}.Debug|ARM.Deploy.0 = Debug|ARM
		{6936314A-B2DA-4265-B766-233922309C42}.Debug|iPhone.ActiveCfg = Debug|x86
		{6936314A-B2DA-4265-B766-233922309C42}.Debug|iPhoneSimulator.ActiveCfg = Debug|x86
		{6936314A-B2DA-4265-B766-233922309C42}.Debug|x64.ActiveCfg = Debug|x64
		{6936314A-B2DA-4265-B766-233922309C42}.Debug|x64.Build.0 = Debug|x64
		{6936314A-B2DA-4265-B766-233922309C42}.Debug|x64.Deploy.0 = Debug|x64
		{6936314A-B2DA-4265-B766-233922309C42}.Debug|x86.ActiveCfg = Debug|x86
		{6936314A-B2DA-4265-B766-233922309C42}.Debug|x86.Build.0 = Debug|x86
		{6936314A-B2DA-4265-B766-233922309C42}.Debug|x86.Deploy.0 = Debug|x86
		{6936314A-B2DA-4265-B766-233922309C42}.Release|Any CPU.ActiveCfg = Release|x86
		{6936314A-B2DA-4265-B766-233922309C42}.Release|ARM.ActiveCfg = Release|ARM
		{6936314A-B2DA-4265-B766-233922309C42}.Release|ARM.Build.0 = Release|ARM
		{6936314A-B2DA-4265-B766-233922309C42}.Release|ARM.Deploy.0 = Release|ARM
		{6936314A-B2DA-4265-B766-233922309C42}.Release|iPhone.ActiveCfg = Release|x86
		{6936314A-B2DA-4265-B766-233922309C42}.Release|iPhoneSimulator.ActiveCfg = Release|x86
		{6936314A-B2DA-4265-B766-233922309C42}.Release|x64.ActiveCfg = Release|x64
		{6936314A-B2DA-4265-B766-233922309C42}.Release|x64.Build.0 = Release|x64
		{6936314A-B2DA-4265-B766-233922309C42}.Release|x64.Deploy.0 = Release|x64
		{6936314A-B2DA-4265-B766-233922309C42}.Release|x86.ActiveCfg = Release|x86
		{6936314A-B2DA-4265-B766-233922309C42}.Release|x86.Build.0 = Release|x86
		{6936314A-B2DA-4265-B766-233922309C42}.Release|x86.Deploy.0 = Release|x86
		{45A72EC9-544A-40F5-83F9-489AB78FB3EC}.Ad-Hoc|Any CPU.ActiveCfg = Debug|Any CPU
		{45A72EC9-544A-40F5-83F9-489AB78FB3EC}.Ad-Hoc|Any CPU.Build.0 = Debug|Any CPU
		{45A72EC9-544A-40F5-83F9-489AB78FB3EC}.Ad-Hoc|ARM.ActiveCfg = Debug|Any CPU
		{45A72EC9-544A-40F5-83F9-489AB78FB3EC}.Ad-Hoc|ARM.Build.0 = Debug|Any CPU
		{45A72EC9-544A-40F5-83F9-489AB78FB3EC}.Ad-Hoc|iPhone.ActiveCfg = Debug|Any CPU
		{45A72EC9-544A-40F5-83F9-489AB78FB3EC}.Ad-Hoc|iPhone.Build.0 = Debug|Any CPU
		{45A72EC9-544A-40F5-83F9-489AB78FB3EC}.Ad-Hoc|iPhoneSimulator.ActiveCfg = Debug|Any CPU
		{45A72EC9-544A-40F5-83F9-489AB78FB3EC}.Ad-Hoc|iPhoneSimulator.Build.0 = Debug|Any CPU
		{45A72EC9-544A-40F5-83F9-489AB78FB3EC}.Ad-Hoc|x64.ActiveCfg = Debug|Any CPU
		{45A72EC9-544A-40F5-83F9-489AB78FB3EC}.Ad-Hoc|x64.Build.0 = Debug|Any CPU
		{45A72EC9-544A-40F5-83F9-489AB78FB3EC}.Ad-Hoc|x86.ActiveCfg = Debug|Any CPU
		{45A72EC9-544A-40F5-83F9-489AB78FB3EC}.Ad-Hoc|x86.Build.0 = Debug|Any CPU
		{45A72EC9-544A-40F5-83F9-489AB78FB3EC}.AppStore|Any CPU.ActiveCfg = Debug|Any CPU
		{45A72EC9-544A-40F5-83F9-489AB78FB3EC}.AppStore|Any CPU.Build.0 = Debug|Any CPU
		{45A72EC9-544A-40F5-83F9-489AB78FB3EC}.AppStore|ARM.ActiveCfg = Debug|Any CPU
		{45A72EC9-544A-40F5-83F9-489AB78FB3EC}.AppStore|ARM.Build.0 = Debug|Any CPU
		{45A72EC9-544A-40F5-83F9-489AB78FB3EC}.AppStore|iPhone.ActiveCfg = Debug|Any CPU
		{45A72EC9-544A-40F5-83F9-489AB78FB3EC}.AppStore|iPhone.Build.0 = Debug|Any CPU
		{45A72EC9-544A-40F5-83F9-489AB78FB3EC}.AppStore|iPhoneSimulator.ActiveCfg = Debug|Any CPU
		{45A72EC9-544A-40F5-83F9-489AB78FB3EC}.AppStore|iPhoneSimulator.Build.0 = Debug|Any CPU
		{45A72EC9-544A-40F5-83F9-489AB78FB3EC}.AppStore|x64.ActiveCfg = Debug|Any CPU
		{45A72EC9-544A-40F5-83F9-489AB78FB3EC}.AppStore|x64.Build.0 = Debug|Any CPU
		{45A72EC9-544A-40F5-83F9-489AB78FB3EC}.AppStore|x86.ActiveCfg = Debug|Any CPU
		{45A72EC9-544A-40F5-83F9-489AB78FB3EC}.AppStore|x86.Build.0 = Debug|Any CPU
		{45A72EC9-544A-40F5-83F9-489AB78FB3EC}.Debug|Any CPU.ActiveCfg = Debug|Any CPU
		{45A72EC9-544A-40F5-83F9-489AB78FB3EC}.Debug|Any CPU.Build.0 = Debug|Any CPU
		{45A72EC9-544A-40F5-83F9-489AB78FB3EC}.Debug|ARM.ActiveCfg = Debug|Any CPU
		{45A72EC9-544A-40F5-83F9-489AB78FB3EC}.Debug|ARM.Build.0 = Debug|Any CPU
		{45A72EC9-544A-40F5-83F9-489AB78FB3EC}.Debug|iPhone.ActiveCfg = Debug|Any CPU
		{45A72EC9-544A-40F5-83F9-489AB78FB3EC}.Debug|iPhone.Build.0 = Debug|Any CPU
		{45A72EC9-544A-40F5-83F9-489AB78FB3EC}.Debug|iPhoneSimulator.ActiveCfg = Debug|Any CPU
		{45A72EC9-544A-40F5-83F9-489AB78FB3EC}.Debug|iPhoneSimulator.Build.0 = Debug|Any CPU
		{45A72EC9-544A-40F5-83F9-489AB78FB3EC}.Debug|x64.ActiveCfg = Debug|Any CPU
		{45A72EC9-544A-40F5-83F9-489AB78FB3EC}.Debug|x64.Build.0 = Debug|Any CPU
		{45A72EC9-544A-40F5-83F9-489AB78FB3EC}.Debug|x86.ActiveCfg = Debug|Any CPU
		{45A72EC9-544A-40F5-83F9-489AB78FB3EC}.Debug|x86.Build.0 = Debug|Any CPU
		{45A72EC9-544A-40F5-83F9-489AB78FB3EC}.Release|Any CPU.ActiveCfg = Release|Any CPU
		{45A72EC9-544A-40F5-83F9-489AB78FB3EC}.Release|Any CPU.Build.0 = Release|Any CPU
		{45A72EC9-544A-40F5-83F9-489AB78FB3EC}.Release|ARM.ActiveCfg = Release|Any CPU
		{45A72EC9-544A-40F5-83F9-489AB78FB3EC}.Release|ARM.Build.0 = Release|Any CPU
		{45A72EC9-544A-40F5-83F9-489AB78FB3EC}.Release|iPhone.ActiveCfg = Release|Any CPU
		{45A72EC9-544A-40F5-83F9-489AB78FB3EC}.Release|iPhone.Build.0 = Release|Any CPU
		{45A72EC9-544A-40F5-83F9-489AB78FB3EC}.Release|iPhoneSimulator.ActiveCfg = Release|Any CPU
		{45A72EC9-544A-40F5-83F9-489AB78FB3EC}.Release|iPhoneSimulator.Build.0 = Release|Any CPU
		{45A72EC9-544A-40F5-83F9-489AB78FB3EC}.Release|x64.ActiveCfg = Release|Any CPU
		{45A72EC9-544A-40F5-83F9-489AB78FB3EC}.Release|x64.Build.0 = Release|Any CPU
		{45A72EC9-544A-40F5-83F9-489AB78FB3EC}.Release|x86.ActiveCfg = Release|Any CPU
		{45A72EC9-544A-40F5-83F9-489AB78FB3EC}.Release|x86.Build.0 = Release|Any CPU
	EndGlobalSection
	GlobalSection(SolutionProperties) = preSolution
		HideSolutionNode = FALSE
	EndGlobalSection
	GlobalSection(ExtensibilityGlobals) = postSolution
		SolutionGuid = {A82E5D67-25D2-4453-8022-5E3D918FEF31}
	EndGlobalSection
EndGlobal
